{
  "requires": true,
  "lockfileVersion": 1,
  "dependencies": {
    "angular-in-memory-web-api": {
      "version": "0.8.0",
      "resolved": "https://registry.npmjs.org/angular-in-memory-web-api/-/angular-in-memory-web-api-0.8.0.tgz",
      "integrity": "sha512-2n0YtCLFxZo4JePHvH6q8b7JmBmhZq44Ic8VaBPRSXE4vAmlKXHU+kI2quNa612EAETDRkZcvLOU8K8CkhIZgQ=="
    }
  }
}
